// !$*UTF8*$!
{
	archiveVersion = 1;
	classes = {
	};
	objectVersion = 55;
	objects = {

/* Begin PBXBuildFile section */
		381B2B912742BA3200142BC7 /* Week10App.swift in Sources */ = {isa = PBXBuildFile; fileRef = 381B2B902742BA3200142BC7 /* Week10App.swift */; };
		381B2B932742BA3200142BC7 /* ContentView.swift in Sources */ = {isa = PBXBuildFile; fileRef = 381B2B922742BA3200142BC7 /* ContentView.swift */; };
		381B2B952742BA3500142BC7 /* Assets.xcassets in Resources */ = {isa = PBXBuildFile; fileRef = 381B2B942742BA3500142BC7 /* Assets.xcassets */; };
		381B2B982742BA3500142BC7 /* Preview Assets.xcassets in Resources */ = {isa = PBXBuildFile; fileRef = 381B2B972742BA3500142BC7 /* Preview Assets.xcassets */; };
		381B2B9F2742BC4800142BC7 /* Item.swift in Sources */ = {isa = PBXBuildFile; fileRef = 381B2B9E2742BC4800142BC7 /* Item.swift */; };
		381B2BA12742C63100142BC7 /* BusinessSectionHeader.swift in Sources */ = {isa = PBXBuildFile; fileRef = 381B2BA02742C63100142BC7 /* BusinessSectionHeader.swift */; };
		381B2BA32742CDC800142BC7 /* HistoryTotal.swift in Sources */ = {isa = PBXBuildFile; fileRef = 381B2BA22742CDC800142BC7 /* HistoryTotal.swift */; };
		389FB745274BC5DE005C576A /* LoginView.swift in Sources */ = {isa = PBXBuildFile; fileRef = 389FB744274BC5DE005C576A /* LoginView.swift */; };
		389FB747274BC698005C576A /* ContentModel.swift in Sources */ = {isa = PBXBuildFile; fileRef = 389FB746274BC698005C576A /* ContentModel.swift */; };
		389FB74B274BCBC9005C576A /* CustomTextField.swift in Sources */ = {isa = PBXBuildFile; fileRef = 389FB74A274BCBC9005C576A /* CustomTextField.swift */; };
		389FB74F274BCF96005C576A /* VisualEffectBlur.swift in Sources */ = {isa = PBXBuildFile; fileRef = 389FB74E274BCF96005C576A /* VisualEffectBlur.swift */; };
		389FB751274BD44A005C576A /* LaunchView.swift in Sources */ = {isa = PBXBuildFile; fileRef = 389FB750274BD44A005C576A /* LaunchView.swift */; };
		389FB753274BD557005C576A /* ProfileView.swift in Sources */ = {isa = PBXBuildFile; fileRef = 389FB752274BD557005C576A /* ProfileView.swift */; };
/* End PBXBuildFile section */

/* Begin PBXFileReference section */
		381B2B8D2742BA3200142BC7 /* Week10.app */ = {isa = PBXFileReference; explicitFileType = wrapper.application; includeInIndex = 0; path = Week10.app; sourceTree = BUILT_PRODUCTS_DIR; };
		381B2B902742BA3200142BC7 /* Week10App.swift */ = {isa = PBXFileReference; lastKnownFileType = sourcecode.swift; path = Week10App.swift; sourceTree = "<group>"; };
		381B2B922742BA3200142BC7 /* ContentView.swift */ = {isa = PBXFileReference; lastKnownFileType = sourcecode.swift; path = ContentView.swift; sourceTree = "<group>"; };
		381B2B942742BA3500142BC7 /* Assets.xcassets */ = {isa = PBXFileReference; lastKnownFileType = folder.assetcatalog; path = Assets.xcassets; sourceTree = "<group>"; };
		381B2B972742BA3500142BC7 /* Preview Assets.xcassets */ = {isa = PBXFileReference; lastKnownFileType = folder.assetcatalog; path = "Preview Assets.xcassets"; sourceTree = "<group>"; };
		381B2B9E2742BC4800142BC7 /* Item.swift */ = {isa = PBXFileReference; lastKnownFileType = sourcecode.swift; path = Item.swift; sourceTree = "<group>"; };
		381B2BA02742C63100142BC7 /* BusinessSectionHeader.swift */ = {isa = PBXFileReference; fileEncoding = 4; lastKnownFileType = sourcecode.swift; path = BusinessSectionHeader.swift; sourceTree = "<group>"; };
		381B2BA22742CDC800142BC7 /* HistoryTotal.swift */ = {isa = PBXFileReference; lastKnownFileType = sourcecode.swift; path = HistoryTotal.swift; sourceTree = "<group>"; };
		389FB744274BC5DE005C576A /* LoginView.swift */ = {isa = PBXFileReference; lastKnownFileType = sourcecode.swift; path = LoginView.swift; sourceTree = "<group>"; };
		389FB746274BC698005C576A /* ContentModel.swift */ = {isa = PBXFileReference; lastKnownFileType = sourcecode.swift; path = ContentModel.swift; sourceTree = "<group>"; };
		389FB74A274BCBC9005C576A /* CustomTextField.swift */ = {isa = PBXFileReference; fileEncoding = 4; lastKnownFileType = sourcecode.swift; path = CustomTextField.swift; sourceTree = "<group>"; };
		389FB74E274BCF96005C576A /* VisualEffectBlur.swift */ = {isa = PBXFileReference; fileEncoding = 4; lastKnownFileType = sourcecode.swift; path = VisualEffectBlur.swift; sourceTree = "<group>"; };
		389FB750274BD44A005C576A /* LaunchView.swift */ = {isa = PBXFileReference; lastKnownFileType = sourcecode.swift; path = LaunchView.swift; sourceTree = "<group>"; };
		389FB752274BD557005C576A /* ProfileView.swift */ = {isa = PBXFileReference; fileEncoding = 4; lastKnownFileType = sourcecode.swift; path = ProfileView.swift; sourceTree = "<group>"; };
/* End PBXFileReference section */

/* Begin PBXFrameworksBuildPhase section */
		381B2B8A2742BA3200142BC7 /* Frameworks */ = {
			isa = PBXFrameworksBuildPhase;
			buildActionMask = 2147483647;
			files = (
			);
			runOnlyForDeploymentPostprocessing = 0;
		};
/* End PBXFrameworksBuildPhase section */

/* Begin PBXGroup section */
		381B2B842742BA3200142BC7 = {
			isa = PBXGroup;
			children = (
				381B2B8F2742BA3200142BC7 /* Week10 */,
				381B2B8E2742BA3200142BC7 /* Products */,
			);
			sourceTree = "<group>";
		};
		381B2B8E2742BA3200142BC7 /* Products */ = {
			isa = PBXGroup;
			children = (
				381B2B8D2742BA3200142BC7 /* Week10.app */,
			);
			name = Products;
			sourceTree = "<group>";
		};
		381B2B8F2742BA3200142BC7 /* Week10 */ = {
			isa = PBXGroup;
			children = (
				381B2B902742BA3200142BC7 /* Week10App.swift */,
				389FB744274BC5DE005C576A /* LoginView.swift */,
				389FB74A274BCBC9005C576A /* CustomTextField.swift */,
				381B2B922742BA3200142BC7 /* ContentView.swift */,
				381B2BA02742C63100142BC7 /* BusinessSectionHeader.swift */,
				389FB752274BD557005C576A /* ProfileView.swift */,
				389FB74E274BCF96005C576A /* VisualEffectBlur.swift */,
				381B2B942742BA3500142BC7 /* Assets.xcassets */,
				381B2B962742BA3500142BC7 /* Preview Content */,
				381B2B9E2742BC4800142BC7 /* Item.swift */,
				381B2BA22742CDC800142BC7 /* HistoryTotal.swift */,
				389FB746274BC698005C576A /* ContentModel.swift */,
				389FB750274BD44A005C576A /* LaunchView.swift */,
			);
			path = Week10;
			sourceTree = "<group>";
		};
		381B2B962742BA3500142BC7 /* Preview Content */ = {
			isa = PBXGroup;
			children = (
				381B2B972742BA3500142BC7 /* Preview Assets.xcassets */,
			);
			path = "Preview Content";
			sourceTree = "<group>";
		};
/* End PBXGroup section */

/* Begin PBXNativeTarget section */
		381B2B8C2742BA3200142BC7 /* Week10 */ = {
			isa = PBXNativeTarget;
			buildConfigurationList = 381B2B9B2742BA3500142BC7 /* Build configuration list for PBXNativeTarget "Week10" */;
			buildPhases = (
				381B2B892742BA3200142BC7 /* Sources */,
				381B2B8A2742BA3200142BC7 /* Frameworks */,
				381B2B8B2742BA3200142BC7 /* Resources */,
			);
			buildRules = (
			);
			dependencies = (
			);
			name = Week10;
			productName = Week10;
			productReference = 381B2B8D2742BA3200142BC7 /* Week10.app */;
			productType = "com.apple.product-type.application";
		};
/* End PBXNativeTarget section */

/* Begin PBXProject section */
		381B2B852742BA3200142BC7 /* Project object */ = {
			isa = PBXProject;
			attributes = {
				BuildIndependentTargetsInParallel = 1;
				LastSwiftUpdateCheck = 1300;
				LastUpgradeCheck = 1300;
				TargetAttributes = {
					381B2B8C2742BA3200142BC7 = {
						CreatedOnToolsVersion = 13.0;
					};
				};
			};
			buildConfigurationList = 381B2B882742BA3200142BC7 /* Build configuration list for PBXProject "Week10" */;
			compatibilityVersion = "Xcode 13.0";
			developmentRegion = en;
			hasScannedForEncodings = 0;
			knownRegions = (
				en,
				Base,
			);
			mainGroup = 381B2B842742BA3200142BC7;
			productRefGroup = 381B2B8E2742BA3200142BC7 /* Products */;
			projectDirPath = "";
			projectRoot = "";
			targets = (
				381B2B8C2742BA3200142BC7 /* Week10 */,
			);
		};
/* End PBXProject section */

/* Begin PBXResourcesBuildPhase section */
		381B2B8B2742BA3200142BC7 /* Resources */ = {
			isa = PBXResourcesBuildPhase;
			buildActionMask = 2147483647;
			files = (
				381B2B982742BA3500142BC7 /* Preview Assets.xcassets in Resources */,
				381B2B952742BA3500142BC7 /* Assets.xcassets in Resources */,
			);
			runOnlyForDeploymentPostprocessing = 0;
		};
/* End PBXResourcesBuildPhase section */

/* Begin PBXSourcesBuildPhase section */
		381B2B892742BA3200142BC7 /* Sources */ = {
			isa = PBXSourcesBuildPhase;
			buildActionMask = 2147483647;
			files = (
				381B2BA32742CDC800142BC7 /* HistoryTotal.swift in Sources */,
				389FB751274BD44A005C576A /* LaunchView.swift in Sources */,
				389FB745274BC5DE005C576A /* LoginView.swift in Sources */,
				381B2BA12742C63100142BC7 /* BusinessSectionHeader.swift in Sources */,
				381B2B932742BA3200142BC7 /* ContentView.swift in Sources */,
				389FB74B274BCBC9005C576A /* CustomTextField.swift in Sources */,
				389FB74F274BCF96005C576A /* VisualEffectBlur.swift in Sources */,
				381B2B9F2742BC4800142BC7 /* Item.swift in Sources */,
				389FB747274BC698005C576A /* ContentModel.swift in Sources */,
				389FB753274BD557005C576A /* ProfileView.swift in Sources */,
				381B2B912742BA3200142BC7 /* Week10App.swift in Sources */,
			);
			runOnlyForDeploymentPostprocessing = 0;
		};
/* End PBXSourcesBuildPhase section */

/* Begin XCBuildConfiguration section */
		381B2B992742BA3500142BC7 /* Debug */ = {
			isa = XCBuildConfiguration;
			buildSettings = {
				ALWAYS_SEARCH_USER_PATHS = NO;
				CLANG_ANALYZER_NONNULL = YES;
				CLANG_ANALYZER_NUMBER_OBJECT_CONVERSION = YES_AGGRESSIVE;
				CLANG_CXX_LANGUAGE_STANDARD = "gnu++17";
				CLANG_CXX_LIBRARY = "libc++";
				CLANG_ENABLE_MODULES = YES;
				CLANG_ENABLE_OBJC_ARC = YES;
				CLANG_ENABLE_OBJC_WEAK = YES;
				CLANG_WARN_BLOCK_CAPTURE_AUTORELEASING = YES;
				CLANG_WARN_BOOL_CONVERSION = YES;
				CLANG_WARN_COMMA = YES;
				CLANG_WARN_CONSTANT_CONVERSION = YES;
				CLANG_WARN_DEPRECATED_OBJC_IMPLEMENTATIONS = YES;
				CLANG_WARN_DIRECT_OBJC_ISA_USAGE = YES_ERROR;
				CLANG_WARN_DOCUMENTATION_COMMENTS = YES;
				CLANG_WARN_EMPTY_BODY = YES;
				CLANG_WARN_ENUM_CONVERSION = YES;
				CLANG_WARN_INFINITE_RECURSION = YES;
				CLANG_WARN_INT_CONVERSION = YES;
				CLANG_WARN_NON_LITERAL_NULL_CONVERSION = YES;
				CLANG_WARN_OBJC_IMPLICIT_RETAIN_SELF = YES;
				CLANG_WARN_OBJC_LITERAL_CONVERSION = YES;
				CLANG_WARN_OBJC_ROOT_CLASS = YES_ERROR;
				CLANG_WARN_QUOTED_INCLUDE_IN_FRAMEWORK_HEADER = YES;
				CLANG_WARN_RANGE_LOOP_ANALYSIS = YES;
				CLANG_WARN_STRICT_PROTOTYPES = YES;
				CLANG_WARN_SUSPICIOUS_MOVE = YES;
				CLANG_WARN_UNGUARDED_AVAILABILITY = YES_AGGRESSIVE;
				CLANG_WARN_UNREACHABLE_CODE = YES;
				CLANG_WARN__DUPLICATE_METHOD_MATCH = YES;
				COPY_PHASE_STRIP = NO;
				DEBUG_INFORMATION_FORMAT = dwarf;
				ENABLE_STRICT_OBJC_MSGSEND = YES;
				ENABLE_TESTABILITY = YES;
				GCC_C_LANGUAGE_STANDARD = gnu11;
				GCC_DYNAMIC_NO_PIC = NO;
				GCC_NO_COMMON_BLOCKS = YES;
				GCC_OPTIMIZATION_LEVEL = 0;
				GCC_PREPROCESSOR_DEFINITIONS = (
					"DEBUG=1",
					"$(inherited)",
				);
				GCC_WARN_64_TO_32_BIT_CONVERSION = YES;
				GCC_WARN_ABOUT_RETURN_TYPE = YES_ERROR;
				GCC_WARN_UNDECLARED_SELECTOR = YES;
				GCC_WARN_UNINITIALIZED_AUTOS = YES_AGGRESSIVE;
				GCC_WARN_UNUSED_FUNCTION = YES;
				GCC_WARN_UNUSED_VARIABLE = YES;
				IPHONEOS_DEPLOYMENT_TARGET = 15.0;
				MTL_ENABLE_DEBUG_INFO = INCLUDE_SOURCE;
				MTL_FAST_MATH = YES;
				ONLY_ACTIVE_ARCH = YES;
				SDKROOT = iphoneos;
				SWIFT_ACTIVE_COMPILATION_CONDITIONS = DEBUG;
				SWIFT_OPTIMIZATION_LEVEL = "-Onone";
			};
			name = Debug;
		};
		381B2B9A2742BA3500142BC7 /* Release */ = {
			isa = XCBuildConfiguration;
			buildSettings = {
				ALWAYS_SEARCH_USER_PATHS = NO;
				CLANG_ANALYZER_NONNULL = YES;
				CLANG_ANALYZER_NUMBER_OBJECT_CONVERSION = YES_AGGRESSIVE;
				CLANG_CXX_LANGUAGE_STANDARD = "gnu++17";
				CLANG_CXX_LIBRARY = "libc++";
				CLANG_ENABLE_MODULES = YES;
				CLANG_ENABLE_OBJC_ARC = YES;
				CLANG_ENABLE_OBJC_WEAK = YES;
				CLANG_WARN_BLOCK_CAPTURE_AUTORELEASING = YES;
				CLANG_WARN_BOOL_CONVERSION = YES;
				CLANG_WARN_COMMA = YES;
				CLANG_WARN_CONSTANT_CONVERSION = YES;
				CLANG_WARN_DEPRECATED_OBJC_IMPLEMENTATIONS = YES;
				CLANG_WARN_DIRECT_OBJC_ISA_USAGE = YES_ERROR;
				CLANG_WARN_DOCUMENTATION_COMMENTS = YES;
				CLANG_WARN_EMPTY_BODY = YES;
				CLANG_WARN_ENUM_CONVERSION = YES;
				CLANG_WARN_INFINITE_RECURSION = YES;
				CLANG_WARN_INT_CONVERSION = YES;
				CLANG_WARN_NON_LITERAL_NULL_CONVERSION = YES;
				CLANG_WARN_OBJC_IMPLICIT_RETAIN_SELF = YES;
				CLANG_WARN_OBJC_LITERAL_CONVERSION = YES;
				CLANG_WARN_OBJC_ROOT_CLASS = YES_ERROR;
				CLANG_WARN_QUOTED_INCLUDE_IN_FRAMEWORK_HEADER = YES;
				CLANG_WARN_RANGE_LOOP_ANALYSIS = YES;
				CLANG_WARN_STRICT_PROTOTYPES = YES;
				CLANG_WARN_SUSPICIOUS_MOVE = YES;
				CLANG_WARN_UNGUARDED_AVAILABILITY = YES_AGGRESSIVE;
				CLANG_WARN_UNREACHABLE_CODE = YES;
				CLANG_WARN__DUPLICATE_METHOD_MATCH = YES;
				COPY_PHASE_STRIP = NO;
				DEBUG_INFORMATION_FORMAT = "dwarf-with-dsym";
				ENABLE_NS_ASSERTIONS = NO;
				ENABLE_STRICT_OBJC_MSGSEND = YES;
				GCC_C_LANGUAGE_STANDARD = gnu11;
				GCC_NO_COMMON_BLOCKS = YES;
				GCC_WARN_64_TO_32_BIT_CONVERSION = YES;
				GCC_WARN_ABOUT_RETURN_TYPE = YES_ERROR;
				GCC_WARN_UNDECLARED_SELECTOR = YES;
				GCC_WARN_UNINITIALIZED_AUTOS = YES_AGGRESSIVE;
				GCC_WARN_UNUSED_FUNCTION = YES;
				GCC_WARN_UNUSED_VARIABLE = YES;
				IPHONEOS_DEPLOYMENT_TARGET = 15.0;
				MTL_ENABLE_DEBUG_INFO = NO;
				MTL_FAST_MATH = YES;
				SDKROOT = iphoneos;
				SWIFT_COMPILATION_MODE = wholemodule;
				SWIFT_OPTIMIZATION_LEVEL = "-O";
				VALIDATE_PRODUCT = YES;
			};
			name = Release;
		};
		381B2B9C2742BA3500142BC7 /* Debug */ = {
			isa = XCBuildConfiguration;
			buildSettings = {
				ASSETCATALOG_COMPILER_APPICON_NAME = AppIcon;
				ASSETCATALOG_COMPILER_GLOBAL_ACCENT_COLOR_NAME = AccentColor;
				CODE_SIGN_STYLE = Automatic;
				CURRENT_PROJECT_VERSION = 1;
				DEVELOPMENT_ASSET_PATHS = "\"Week10/Preview Content\"";
				DEVELOPMENT_TEAM = Q37RAD9XD7;
				ENABLE_PREVIEWS = YES;
				GENERATE_INFOPLIST_FILE = YES;
				INFOPLIST_KEY_UIApplicationSceneManifest_Generation = YES;
				INFOPLIST_KEY_UIApplicationSupportsIndirectInputEvents = YES;
				INFOPLIST_KEY_UILaunchScreen_Generation = YES;
				INFOPLIST_KEY_UISupportedInterfaceOrientations_iPad = "UIInterfaceOrientationPortrait UIInterfaceOrientationPortraitUpsideDown UIInterfaceOrientationLandscapeLeft UIInterfaceOrientationLandscapeRight";
				INFOPLIST_KEY_UISupportedInterfaceOrientations_iPhone = "UIInterfaceOrientationPortrait UIInterfaceOrientationLandscapeLeft UIInterfaceOrientationLandscapeRight";
				IPHONEOS_DEPLOYMENT_TARGET = 15.0;
				LD_RUNPATH_SEARCH_PATHS = (
					"$(inherited)",
					"@executable_path/Frameworks",
				);
				MARKETING_VERSION = 1.0;
				PRODUCT_BUNDLE_IDENTIFIER = com.codeWithAlish.Week10;
				PRODUCT_NAME = "$(TARGET_NAME)";
				SWIFT_EMIT_LOC_STRINGS = YES;
				SWIFT_VERSION = 5.0;
				TARGETED_DEVICE_FAMILY = "1,2";
			};
			name = Debug;
		};
		381B2B9D2742BA3500142BC7 /* Release */ = {
			isa = XCBuildConfiguration;
			buildSettings = {
				ASSETCATALOG_COMPILER_APPICON_NAME = AppIcon;
				ASSETCATALOG_COMPILER_GLOBAL_ACCENT_COLOR_NAME = AccentColor;
				CODE_SIGN_STYLE = Automatic;
				CURRENT_PROJECT_VERSION = 1;
				DEVELOPMENT_ASSET_PATHS = "\"Week10/Preview Content\"";
				DEVELOPMENT_TEAM = Q37RAD9XD7;
				ENABLE_PREVIEWS = YES;
				GENERATE_INFOPLIST_FILE = YES;
				INFOPLIST_KEY_UIApplicationSceneManifest_Generation = YES;
				INFOPLIST_KEY_UIApplicationSupportsIndirectInputEvents = YES;
				INFOPLIST_KEY_UILaunchScreen_Generation = YES;
				INFOPLIST_KEY_UISupportedInterfaceOrientations_iPad = "UIInterfaceOrientationPortrait UIInterfaceOrientationPortraitUpsideDown UIInterfaceOrientationLandscapeLeft UIInterfaceOrientationLandscapeRight";
				INFOPLIST_KEY_UISupportedInterfaceOrientations_iPhone = "UIInterfaceOrientationPortrait UIInterfaceOrientationLandscapeLeft UIInterfaceOrientationLandscapeRight";
				IPHONEOS_DEPLOYMENT_TARGET = 15.0;
				LD_RUNPATH_SEARCH_PATHS = (
					"$(inherited)",
					"@executable_path/Frameworks",
				);
				MARKETING_VERSION = 1.0;
				PRODUCT_BUNDLE_IDENTIFIER = com.codeWithAlish.Week10;
				PRODUCT_NAME = "$(TARGET_NAME)";
				SWIFT_EMIT_LOC_STRINGS = YES;
				SWIFT_VERSION = 5.0;
				TARGETED_DEVICE_FAMILY = "1,2";
			};
			name = Release;
		};
/* End XCBuildConfiguration section */

/* Begin XCConfigurationList section */
		381B2B882742BA3200142BC7 /* Build configuration list for PBXProject "Week10" */ = {
			isa = XCConfigurationList;
			buildConfigurations = (
				381B2B992742BA3500142BC7 /* Debug */,
				381B2B9A2742BA3500142BC7 /* Release */,
			);
			defaultConfigurationIsVisible = 0;
			defaultConfigurationName = Release;
		};
		381B2B9B2742BA3500142BC7 /* Build configuration list for PBXNativeTarget "Week10" */ = {
			isa = XCConfigurationList;
			buildConfigurations = (
				381B2B9C2742BA3500142BC7 /* Debug */,
				381B2B9D2742BA3500142BC7 /* Release */,
			);
			defaultConfigurationIsVisible = 0;
			defaultConfigurationName = Release;
		};
/* End XCConfigurationList section */
	};
	rootObject = 381B2B852742BA3200142BC7 /* Project object */;
}
